
Microsoft Visual Studio Solution File, Format Version 12.00
# Visual Studio Version 17
VisualStudioVersion = 17.4.33205.214
MinimumVisualStudioVersion = 10.0.40219.1
Project("{FAE04EC0-301F-11D3-BF4B-00C04F79EFBC}") = "TriviaRoyale", "TriviaRoyale\TriviaRoyale.csproj", "{546CAC13-A43F-4035-9755-F8F0C228E4E9}"
EndProject
Global
	GlobalSection(SolutionConfigurationPlatforms) = preSolution
		Debug|Any CPU = Debug|Any CPU
		Release|Any CPU = Release|Any CPU
	EndGlobalSection
	GlobalSection(ProjectConfigurationPlatforms) = postSolution
		{546CAC13-A43F-4035-9755-F8F0C228E4E9}.Debug|Any CPU.ActiveCfg = Debug|Any CPU
		{546CAC13-A43F-4035-9755-F8F0C228E4E9}.Debug|Any CPU.Build.0 = Debug|Any CPU
		{546CAC13-A43F-4035-9755-F8F0C228E4E9}.Release|Any CPU.ActiveCfg = Release|Any CPU
		{546CAC13-A43F-4035-9755-F8F0C228E4E9}.Release|Any CPU.Build.0 = Release|Any CPU
	EndGlobalSection
	GlobalSection(SolutionProperties) = preSolution
		HideSolutionNode = FALSE
	EndGlobalSection
	GlobalSection(ExtensibilityGlobals) = postSolution
		SolutionGuid = {8F672D21-C7E3-4B07-971C-7923FCF59EE9}
	EndGlobalSection
EndGlobal
